
Microsoft Visual Studio Solution File, Format Version 12.00
# Visual Studio Version 16
VisualStudioVersion = 16.0.32802.440
MinimumVisualStudioVersion = 10.0.40219.1
Project("{FAE04EC0-301F-11D3-BF4B-00C04F79EFBC}") = "BookStore", "BookStore.csproj", "{437A1F58-8FFA-4734-AA2F-F7FB328933B8}"
EndProject
Global
	GlobalSection(SolutionConfigurationPlatforms) = preSolution
		Debug|Any CPU = Debug|Any CPU
		Release|Any CPU = Release|Any CPU
	EndGlobalSection
	GlobalSection(ProjectConfigurationPlatforms) = postSolution
		{437A1F58-8FFA-4734-AA2F-F7FB328933B8}.Debug|Any CPU.ActiveCfg = Debug|Any CPU
		{437A1F58-8FFA-4734-AA2F-F7FB328933B8}.Debug|Any CPU.Build.0 = Debug|Any CPU
		{437A1F58-8FFA-4734-AA2F-F7FB328933B8}.Release|Any CPU.ActiveCfg = Release|Any CPU
		{437A1F58-8FFA-4734-AA2F-F7FB328933B8}.Release|Any CPU.Build.0 = Release|Any CPU
	EndGlobalSection
	GlobalSection(SolutionProperties) = preSolution
		HideSolutionNode = FALSE
	EndGlobalSection
	GlobalSection(ExtensibilityGlobals) = postSolution
		SolutionGuid = {072641BD-BCF7-4A2B-8272-F083813B52B6}
	EndGlobalSection
EndGlobal
